
Microsoft Visual Studio Solution File, Format Version 12.00
# Visual Studio Version 17
VisualStudioVersion = 17.14.36414.22 d17.14
MinimumVisualStudioVersion = 10.0.40219.1
Project("{FAE04EC0-301F-11D3-BF4B-00C04F79EFBC}") = "ITSystem", "ITSystem\ITSystem.csproj", "{E5C56658-733F-41C9-91C3-6C3AC7930786}"
EndProject
Project("{FAE04EC0-301F-11D3-BF4B-00C04F79EFBC}") = "OTSystem", "OTSystem\OTSystem.csproj", "{7C00DC55-958A-4E80-AFFB-DDA78EA85D1C}"
EndProject
Project("{FAE04EC0-301F-11D3-BF4B-00C04F79EFBC}") = "IntegrationSystem", "IntegrationSystem\IntegrationSystem.csproj", "{7E55CBB3-3DEE-4274-B83C-5D26120CD13A}"
EndProject
Global
	GlobalSection(SolutionConfigurationPlatforms) = preSolution
		Debug|Any CPU = Debug|Any CPU
		Release|Any CPU = Release|Any CPU
	EndGlobalSection
	GlobalSection(ProjectConfigurationPlatforms) = postSolution
		{E5C56658-733F-41C9-91C3-6C3AC7930786}.Debug|Any CPU.ActiveCfg = Debug|Any CPU
		{E5C56658-733F-41C9-91C3-6C3AC7930786}.Debug|Any CPU.Build.0 = Debug|Any CPU
		{E5C56658-733F-41C9-91C3-6C3AC7930786}.Release|Any CPU.ActiveCfg = Release|Any CPU
		{E5C56658-733F-41C9-91C3-6C3AC7930786}.Release|Any CPU.Build.0 = Release|Any CPU
		{7C00DC55-958A-4E80-AFFB-DDA78EA85D1C}.Debug|Any CPU.ActiveCfg = Debug|Any CPU
		{7C00DC55-958A-4E80-AFFB-DDA78EA85D1C}.Debug|Any CPU.Build.0 = Debug|Any CPU
		{7C00DC55-958A-4E80-AFFB-DDA78EA85D1C}.Release|Any CPU.ActiveCfg = Release|Any CPU
		{7C00DC55-958A-4E80-AFFB-DDA78EA85D1C}.Release|Any CPU.Build.0 = Release|Any CPU
		{7E55CBB3-3DEE-4274-B83C-5D26120CD13A}.Debug|Any CPU.ActiveCfg = Debug|Any CPU
		{7E55CBB3-3DEE-4274-B83C-5D26120CD13A}.Debug|Any CPU.Build.0 = Debug|Any CPU
		{7E55CBB3-3DEE-4274-B83C-5D26120CD13A}.Release|Any CPU.ActiveCfg = Release|Any CPU
		{7E55CBB3-3DEE-4274-B83C-5D26120CD13A}.Release|Any CPU.Build.0 = Release|Any CPU
	EndGlobalSection
	GlobalSection(SolutionProperties) = preSolution
		HideSolutionNode = FALSE
	EndGlobalSection
	GlobalSection(ExtensibilityGlobals) = postSolution
		SolutionGuid = {5BA15D30-35C7-4C3E-A9EB-EAE736007270}
	EndGlobalSection
EndGlobal
